{
  "nodes": {
    "nixpkgs": {
      "locked": {
        "lastModified": 1740915390,
        "narHash": "sha256-ErsxvYILd0H8+NNK7rdbOmaH8ze/8whPxw/VPoUY88g=",
        "owner": "Alper-Celik",
        "repo": "nixpkgs",
        "rev": "91e896bae06e77b27b6813fa4c1669d2daea82af",
        "type": "github"
      },
      "original": {
        "owner": "Alper-Celik",
        "ref": "geckodriver-update",
        "repo": "nixpkgs",
        "type": "github"
      }
    },
    "root": {
      "inputs": {
        "nixpkgs": "nixpkgs"
      }
    }
  },
  "root": "root",
  "version": 7
}
